// !$*UTF8*$!
{
	archiveVersion = 1;
	classes = {
	};
	objectVersion = 56;
	objects = {

/* Begin PBXBuildFile section */
		83083633296C74360099A23D /* WorldFlagsApp.swift in Sources */ = {isa = PBXBuildFile; fileRef = 83083632296C74360099A23D /* WorldFlagsApp.swift */; };
		83083635296C74360099A23D /* ContentView.swift in Sources */ = {isa = PBXBuildFile; fileRef = 83083634296C74360099A23D /* ContentView.swift */; };
		83083637296C74370099A23D /* Assets.xcassets in Resources */ = {isa = PBXBuildFile; fileRef = 83083636296C74370099A23D /* Assets.xcassets */; };
		8308363A296C74370099A23D /* Preview Assets.xcassets in Resources */ = {isa = PBXBuildFile; fileRef = 83083639296C74370099A23D /* Preview Assets.xcassets */; };
		83083644296C74370099A23D /* WorldFlagsTests.swift in Sources */ = {isa = PBXBuildFile; fileRef = 83083643296C74370099A23D /* WorldFlagsTests.swift */; };
		8308364E296C74370099A23D /* WorldFlagsUITests.swift in Sources */ = {isa = PBXBuildFile; fileRef = 8308364D296C74370099A23D /* WorldFlagsUITests.swift */; };
		83083650296C74370099A23D /* WorldFlagsUITestsLaunchTests.swift in Sources */ = {isa = PBXBuildFile; fileRef = 8308364F296C74370099A23D /* WorldFlagsUITestsLaunchTests.swift */; };
		8308365F296C7DC20099A23D /* Egypt.swift in Sources */ = {isa = PBXBuildFile; fileRef = 8308365E296C7DC20099A23D /* Egypt.swift */; };
		83083664296C7E300099A23D /* Alegria.swift in Sources */ = {isa = PBXBuildFile; fileRef = 83083663296C7E300099A23D /* Alegria.swift */; };
		83083666296C84520099A23D /* Morocco.swift in Sources */ = {isa = PBXBuildFile; fileRef = 83083665296C84520099A23D /* Morocco.swift */; };
		8308366B296EFB5A0099A23D /* CrescentView.swift in Sources */ = {isa = PBXBuildFile; fileRef = 8308366A296EFB5A0099A23D /* CrescentView.swift */; };
		8308366E296F05540099A23D /* Triangle.swift in Sources */ = {isa = PBXBuildFile; fileRef = 8308366D296F05540099A23D /* Triangle.swift */; };
		83083670297198540099A23D /* Switzerland.swift in Sources */ = {isa = PBXBuildFile; fileRef = 8308366F297198540099A23D /* Switzerland.swift */; };
		835F71732976D573005DCECD /* RotationProblem.swift in Sources */ = {isa = PBXBuildFile; fileRef = 835F71722976D573005DCECD /* RotationProblem.swift */; };
		835F71752976E874005DCECD /* Thailand.swift in Sources */ = {isa = PBXBuildFile; fileRef = 835F71742976E874005DCECD /* Thailand.swift */; };
		835F71772976EA77005DCECD /* Netherlands.swift in Sources */ = {isa = PBXBuildFile; fileRef = 835F71762976EA77005DCECD /* Netherlands.swift */; };
		835F71792976EB1B005DCECD /* Norway.swift in Sources */ = {isa = PBXBuildFile; fileRef = 835F71782976EB1B005DCECD /* Norway.swift */; };
		835F717B2976EF92005DCECD /* France.swift in Sources */ = {isa = PBXBuildFile; fileRef = 835F717A2976EF92005DCECD /* France.swift */; };
		835F717D2976F065005DCECD /* ScottishTest.swift in Sources */ = {isa = PBXBuildFile; fileRef = 835F717C2976F065005DCECD /* ScottishTest.swift */; };
		835F717F2978646B005DCECD /* Japan.swift in Sources */ = {isa = PBXBuildFile; fileRef = 835F717E2978646B005DCECD /* Japan.swift */; };
		835F7181297865DF005DCECD /* JapanTest.swift in Sources */ = {isa = PBXBuildFile; fileRef = 835F7180297865DF005DCECD /* JapanTest.swift */; };
		835F71832978689C005DCECD /* Madagascar.swift in Sources */ = {isa = PBXBuildFile; fileRef = 835F71822978689C005DCECD /* Madagascar.swift */; };
		835F718529786A66005DCECD /* Mali.swift in Sources */ = {isa = PBXBuildFile; fileRef = 835F718429786A66005DCECD /* Mali.swift */; };
		835F718729786B3B005DCECD /* IvoryCoast.swift in Sources */ = {isa = PBXBuildFile; fileRef = 835F718629786B3B005DCECD /* IvoryCoast.swift */; };
		835F718929786BEE005DCECD /* Chad.swift in Sources */ = {isa = PBXBuildFile; fileRef = 835F718829786BEE005DCECD /* Chad.swift */; };
		835F718B29786F75005DCECD /* CentralAfrica.swift in Sources */ = {isa = PBXBuildFile; fileRef = 835F718A29786F75005DCECD /* CentralAfrica.swift */; };
		835F718D2978706C005DCECD /* StarShape.swift in Sources */ = {isa = PBXBuildFile; fileRef = 835F718C2978706C005DCECD /* StarShape.swift */; };
		835F718F29795923005DCECD /* SierraLeone.swift in Sources */ = {isa = PBXBuildFile; fileRef = 835F718E29795923005DCECD /* SierraLeone.swift */; };
		835F719229795ACA005DCECD /* SolomonIslands.swift in Sources */ = {isa = PBXBuildFile; fileRef = 835F719129795ACA005DCECD /* SolomonIslands.swift */; };
		835F719429798510005DCECD /* CongruentTriangle.swift in Sources */ = {isa = PBXBuildFile; fileRef = 835F719329798510005DCECD /* CongruentTriangle.swift */; };
		8380C8C72979A97000C67BF1 /* GetPointsOnCircle.swift in Sources */ = {isa = PBXBuildFile; fileRef = 8380C8C62979A97000C67BF1 /* GetPointsOnCircle.swift */; };
		8380C8C92979A9B400C67BF1 /* Extensions.swift in Sources */ = {isa = PBXBuildFile; fileRef = 8380C8C82979A9B400C67BF1 /* Extensions.swift */; };
		8380C8CB2979AA5700C67BF1 /* Armenia.swift in Sources */ = {isa = PBXBuildFile; fileRef = 8380C8CA2979AA5700C67BF1 /* Armenia.swift */; };
		8380C8CD2979AB6C00C67BF1 /* Botswana.swift in Sources */ = {isa = PBXBuildFile; fileRef = 8380C8CC2979AB6C00C67BF1 /* Botswana.swift */; };
		8380C8D12979AD4300C67BF1 /* Cameroon.swift in Sources */ = {isa = PBXBuildFile; fileRef = 8380C8D02979AD4300C67BF1 /* Cameroon.swift */; };
		8380C8D42979B2E900C67BF1 /* Chile.swift in Sources */ = {isa = PBXBuildFile; fileRef = 8380C8D32979B2E900C67BF1 /* Chile.swift */; };
		8380C8D62979B46D00C67BF1 /* Colombia.swift in Sources */ = {isa = PBXBuildFile; fileRef = 8380C8D52979B46D00C67BF1 /* Colombia.swift */; };
		8380C8D82979B56100C67BF1 /* Congo.swift in Sources */ = {isa = PBXBuildFile; fileRef = 8380C8D72979B56100C67BF1 /* Congo.swift */; };
		8380C8DA2979B91F00C67BF1 /* NorthKorea.swift in Sources */ = {isa = PBXBuildFile; fileRef = 8380C8D92979B91F00C67BF1 /* NorthKorea.swift */; };
		8380C8DC297AC4E200C67BF1 /* Estonia.swift in Sources */ = {isa = PBXBuildFile; fileRef = 8380C8DB297AC4E200C67BF1 /* Estonia.swift */; };
		8380C8DE297AD5FF00C67BF1 /* Georgia.swift in Sources */ = {isa = PBXBuildFile; fileRef = 8380C8DD297AD5FF00C67BF1 /* Georgia.swift */; };
		8380C8E0297ADE5400C67BF1 /* DrawCurvedPath.swift in Sources */ = {isa = PBXBuildFile; fileRef = 8380C8DF297ADE5400C67BF1 /* DrawCurvedPath.swift */; };
		8380C8E2297ECDF000C67BF1 /* DrawCurvedLine.swift in Sources */ = {isa = PBXBuildFile; fileRef = 8380C8E1297ECDF000C67BF1 /* DrawCurvedLine.swift */; };
		8380C8E4297ED9FE00C67BF1 /* Greece.swift in Sources */ = {isa = PBXBuildFile; fileRef = 8380C8E3297ED9FE00C67BF1 /* Greece.swift */; };
		8380C8E7297EDFB400C67BF1 /* Honduras.swift in Sources */ = {isa = PBXBuildFile; fileRef = 8380C8E6297EDFB400C67BF1 /* Honduras.swift */; };
		8380C8E9297EFBB300C67BF1 /* IndianSpoke.swift in Sources */ = {isa = PBXBuildFile; fileRef = 8380C8E8297EFBB300C67BF1 /* IndianSpoke.swift */; };
		8380C8EB29802F2200C67BF1 /* Indonesia.swift in Sources */ = {isa = PBXBuildFile; fileRef = 8380C8EA29802F2200C67BF1 /* Indonesia.swift */; };
		8380C8EE29802FBA00C67BF1 /* Jamaica.swift in Sources */ = {isa = PBXBuildFile; fileRef = 8380C8ED29802FBA00C67BF1 /* Jamaica.swift */; };
		8380C8F02980413300C67BF1 /* Israel.swift in Sources */ = {isa = PBXBuildFile; fileRef = 8380C8EF2980413300C67BF1 /* Israel.swift */; };
		8380C8F229804AE300C67BF1 /* Laos.swift in Sources */ = {isa = PBXBuildFile; fileRef = 8380C8F129804AE300C67BF1 /* Laos.swift */; };
		8380C8F429804C8700C67BF1 /* Mauritius.swift in Sources */ = {isa = PBXBuildFile; fileRef = 8380C8F329804C8700C67BF1 /* Mauritius.swift */; };
		83B44E222971D3A1003AA8DA /* India.swift in Sources */ = {isa = PBXBuildFile; fileRef = 83B44E212971D3A1003AA8DA /* India.swift */; };
		83B44E2429731F96003AA8DA /* Germany.swift in Sources */ = {isa = PBXBuildFile; fileRef = 83B44E2329731F96003AA8DA /* Germany.swift */; };
		83B44E262973202D003AA8DA /* Belgium.swift in Sources */ = {isa = PBXBuildFile; fileRef = 83B44E252973202D003AA8DA /* Belgium.swift */; };
		83EEDCF12975575D001B5049 /* Russia.swift in Sources */ = {isa = PBXBuildFile; fileRef = 83EEDCF02975575D001B5049 /* Russia.swift */; };
		83EEDCF32975621B001B5049 /* Bangladesh.swift in Sources */ = {isa = PBXBuildFile; fileRef = 83EEDCF22975621B001B5049 /* Bangladesh.swift */; };
		83EEDCF529757175001B5049 /* Ukraine.swift in Sources */ = {isa = PBXBuildFile; fileRef = 83EEDCF429757175001B5049 /* Ukraine.swift */; };
		83EEDCF729757217001B5049 /* Sweden.swift in Sources */ = {isa = PBXBuildFile; fileRef = 83EEDCF629757217001B5049 /* Sweden.swift */; };
		83EEDCF92975737E001B5049 /* Italy.swift in Sources */ = {isa = PBXBuildFile; fileRef = 83EEDCF82975737E001B5049 /* Italy.swift */; };
		83EEDCFE29757437001B5049 /* Denmark.swift in Sources */ = {isa = PBXBuildFile; fileRef = 83EEDCFD29757437001B5049 /* Denmark.swift */; };
		83EEDD0029759669001B5049 /* Bahrain.swift in Sources */ = {isa = PBXBuildFile; fileRef = 83EEDCFF29759669001B5049 /* Bahrain.swift */; };
		83EEDD022975A222001B5049 /* Qatar.swift in Sources */ = {isa = PBXBuildFile; fileRef = 83EEDD012975A222001B5049 /* Qatar.swift */; };
		83EEDD042975A7FB001B5049 /* Austria.swift in Sources */ = {isa = PBXBuildFile; fileRef = 83EEDD032975A7FB001B5049 /* Austria.swift */; };
		83EEDD062975A884001B5049 /* Finland.swift in Sources */ = {isa = PBXBuildFile; fileRef = 83EEDD052975A884001B5049 /* Finland.swift */; };
		83EEDD082975AD52001B5049 /* Scotland.swift in Sources */ = {isa = PBXBuildFile; fileRef = 83EEDD072975AD52001B5049 /* Scotland.swift */; };
		83EEDD0B2975B48D001B5049 /* Numerics in Frameworks */ = {isa = PBXBuildFile; productRef = 83EEDD0A2975B48D001B5049 /* Numerics */; };
		83EEDD0D2975B48D001B5049 /* RealModule in Frameworks */ = {isa = PBXBuildFile; productRef = 83EEDD0C2975B48D001B5049 /* RealModule */; };
/* End PBXBuildFile section */

/* Begin PBXContainerItemProxy section */
		83083640296C74370099A23D /* PBXContainerItemProxy */ = {
			isa = PBXContainerItemProxy;
			containerPortal = 83083627296C74360099A23D /* Project object */;
			proxyType = 1;
			remoteGlobalIDString = 8308362E296C74360099A23D;
			remoteInfo = WorldFlags;
		};
		8308364A296C74370099A23D /* PBXContainerItemProxy */ = {
			isa = PBXContainerItemProxy;
			containerPortal = 83083627296C74360099A23D /* Project object */;
			proxyType = 1;
			remoteGlobalIDString = 8308362E296C74360099A23D;
			remoteInfo = WorldFlags;
		};
/* End PBXContainerItemProxy section */

/* Begin PBXFileReference section */
		8308362F296C74360099A23D /* WorldFlags.app */ = {isa = PBXFileReference; explicitFileType = wrapper.application; includeInIndex = 0; path = WorldFlags.app; sourceTree = BUILT_PRODUCTS_DIR; };
		83083632296C74360099A23D /* WorldFlagsApp.swift */ = {isa = PBXFileReference; lastKnownFileType = sourcecode.swift; path = WorldFlagsApp.swift; sourceTree = "<group>"; };
		83083634296C74360099A23D /* ContentView.swift */ = {isa = PBXFileReference; lastKnownFileType = sourcecode.swift; path = ContentView.swift; sourceTree = "<group>"; };
		83083636296C74370099A23D /* Assets.xcassets */ = {isa = PBXFileReference; lastKnownFileType = folder.assetcatalog; path = Assets.xcassets; sourceTree = "<group>"; };
		83083639296C74370099A23D /* Preview Assets.xcassets */ = {isa = PBXFileReference; lastKnownFileType = folder.assetcatalog; path = "Preview Assets.xcassets"; sourceTree = "<group>"; };
		8308363F296C74370099A23D /* WorldFlagsTests.xctest */ = {isa = PBXFileReference; explicitFileType = wrapper.cfbundle; includeInIndex = 0; path = WorldFlagsTests.xctest; sourceTree = BUILT_PRODUCTS_DIR; };
		83083643296C74370099A23D /* WorldFlagsTests.swift */ = {isa = PBXFileReference; lastKnownFileType = sourcecode.swift; path = WorldFlagsTests.swift; sourceTree = "<group>"; };
		83083649296C74370099A23D /* WorldFlagsUITests.xctest */ = {isa = PBXFileReference; explicitFileType = wrapper.cfbundle; includeInIndex = 0; path = WorldFlagsUITests.xctest; sourceTree = BUILT_PRODUCTS_DIR; };
		8308364D296C74370099A23D /* WorldFlagsUITests.swift */ = {isa = PBXFileReference; lastKnownFileType = sourcecode.swift; path = WorldFlagsUITests.swift; sourceTree = "<group>"; };
		8308364F296C74370099A23D /* WorldFlagsUITestsLaunchTests.swift */ = {isa = PBXFileReference; lastKnownFileType = sourcecode.swift; path = WorldFlagsUITestsLaunchTests.swift; sourceTree = "<group>"; };
		8308365E296C7DC20099A23D /* Egypt.swift */ = {isa = PBXFileReference; lastKnownFileType = sourcecode.swift; path = Egypt.swift; sourceTree = "<group>"; };
		83083663296C7E300099A23D /* Alegria.swift */ = {isa = PBXFileReference; lastKnownFileType = sourcecode.swift; path = Alegria.swift; sourceTree = "<group>"; };
		83083665296C84520099A23D /* Morocco.swift */ = {isa = PBXFileReference; lastKnownFileType = sourcecode.swift; path = Morocco.swift; sourceTree = "<group>"; };
		8308366A296EFB5A0099A23D /* CrescentView.swift */ = {isa = PBXFileReference; lastKnownFileType = sourcecode.swift; path = CrescentView.swift; sourceTree = "<group>"; };
		8308366D296F05540099A23D /* Triangle.swift */ = {isa = PBXFileReference; lastKnownFileType = sourcecode.swift; path = Triangle.swift; sourceTree = "<group>"; };
		8308366F297198540099A23D /* Switzerland.swift */ = {isa = PBXFileReference; lastKnownFileType = sourcecode.swift; path = Switzerland.swift; sourceTree = "<group>"; };
		835F71722976D573005DCECD /* RotationProblem.swift */ = {isa = PBXFileReference; lastKnownFileType = sourcecode.swift; path = RotationProblem.swift; sourceTree = "<group>"; };
		835F71742976E874005DCECD /* Thailand.swift */ = {isa = PBXFileReference; lastKnownFileType = sourcecode.swift; path = Thailand.swift; sourceTree = "<group>"; };
		835F71762976EA77005DCECD /* Netherlands.swift */ = {isa = PBXFileReference; lastKnownFileType = sourcecode.swift; path = Netherlands.swift; sourceTree = "<group>"; };
		835F71782976EB1B005DCECD /* Norway.swift */ = {isa = PBXFileReference; lastKnownFileType = sourcecode.swift; path = Norway.swift; sourceTree = "<group>"; };
		835F717A2976EF92005DCECD /* France.swift */ = {isa = PBXFileReference; lastKnownFileType = sourcecode.swift; path = France.swift; sourceTree = "<group>"; };
		835F717C2976F065005DCECD /* ScottishTest.swift */ = {isa = PBXFileReference; lastKnownFileType = sourcecode.swift; path = ScottishTest.swift; sourceTree = "<group>"; };
		835F717E2978646B005DCECD /* Japan.swift */ = {isa = PBXFileReference; lastKnownFileType = sourcecode.swift; path = Japan.swift; sourceTree = "<group>"; };
		835F7180297865DF005DCECD /* JapanTest.swift */ = {isa = PBXFileReference; lastKnownFileType = sourcecode.swift; path = JapanTest.swift; sourceTree = "<group>"; };
		835F71822978689C005DCECD /* Madagascar.swift */ = {isa = PBXFileReference; lastKnownFileType = sourcecode.swift; path = Madagascar.swift; sourceTree = "<group>"; };
		835F718429786A66005DCECD /* Mali.swift */ = {isa = PBXFileReference; lastKnownFileType = sourcecode.swift; path = Mali.swift; sourceTree = "<group>"; };
		835F718629786B3B005DCECD /* IvoryCoast.swift */ = {isa = PBXFileReference; lastKnownFileType = sourcecode.swift; path = IvoryCoast.swift; sourceTree = "<group>"; };
		835F718829786BEE005DCECD /* Chad.swift */ = {isa = PBXFileReference; lastKnownFileType = sourcecode.swift; path = Chad.swift; sourceTree = "<group>"; };
		835F718A29786F75005DCECD /* CentralAfrica.swift */ = {isa = PBXFileReference; lastKnownFileType = sourcecode.swift; path = CentralAfrica.swift; sourceTree = "<group>"; };
		835F718C2978706C005DCECD /* StarShape.swift */ = {isa = PBXFileReference; lastKnownFileType = sourcecode.swift; path = StarShape.swift; sourceTree = "<group>"; };
		835F718E29795923005DCECD /* SierraLeone.swift */ = {isa = PBXFileReference; lastKnownFileType = sourcecode.swift; path = SierraLeone.swift; sourceTree = "<group>"; };
		835F719129795ACA005DCECD /* SolomonIslands.swift */ = {isa = PBXFileReference; lastKnownFileType = sourcecode.swift; path = SolomonIslands.swift; sourceTree = "<group>"; };
		835F719329798510005DCECD /* CongruentTriangle.swift */ = {isa = PBXFileReference; lastKnownFileType = sourcecode.swift; path = CongruentTriangle.swift; sourceTree = "<group>"; };
		8380C8C62979A97000C67BF1 /* GetPointsOnCircle.swift */ = {isa = PBXFileReference; lastKnownFileType = sourcecode.swift; path = GetPointsOnCircle.swift; sourceTree = "<group>"; };
		8380C8C82979A9B400C67BF1 /* Extensions.swift */ = {isa = PBXFileReference; lastKnownFileType = sourcecode.swift; path = Extensions.swift; sourceTree = "<group>"; };
		8380C8CA2979AA5700C67BF1 /* Armenia.swift */ = {isa = PBXFileReference; lastKnownFileType = sourcecode.swift; path = Armenia.swift; sourceTree = "<group>"; };
		8380C8CC2979AB6C00C67BF1 /* Botswana.swift */ = {isa = PBXFileReference; lastKnownFileType = sourcecode.swift; path = Botswana.swift; sourceTree = "<group>"; };
		8380C8D02979AD4300C67BF1 /* Cameroon.swift */ = {isa = PBXFileReference; lastKnownFileType = sourcecode.swift; path = Cameroon.swift; sourceTree = "<group>"; };
		8380C8D32979B2E900C67BF1 /* Chile.swift */ = {isa = PBXFileReference; lastKnownFileType = sourcecode.swift; path = Chile.swift; sourceTree = "<group>"; };
		8380C8D52979B46D00C67BF1 /* Colombia.swift */ = {isa = PBXFileReference; lastKnownFileType = sourcecode.swift; path = Colombia.swift; sourceTree = "<group>"; };
		8380C8D72979B56100C67BF1 /* Congo.swift */ = {isa = PBXFileReference; lastKnownFileType = sourcecode.swift; path = Congo.swift; sourceTree = "<group>"; };
		8380C8D92979B91F00C67BF1 /* NorthKorea.swift */ = {isa = PBXFileReference; lastKnownFileType = sourcecode.swift; path = NorthKorea.swift; sourceTree = "<group>"; };
		8380C8DB297AC4E200C67BF1 /* Estonia.swift */ = {isa = PBXFileReference; lastKnownFileType = sourcecode.swift; path = Estonia.swift; sourceTree = "<group>"; };
		8380C8DD297AD5FF00C67BF1 /* Georgia.swift */ = {isa = PBXFileReference; lastKnownFileType = sourcecode.swift; path = Georgia.swift; sourceTree = "<group>"; };
		8380C8DF297ADE5400C67BF1 /* DrawCurvedPath.swift */ = {isa = PBXFileReference; lastKnownFileType = sourcecode.swift; path = DrawCurvedPath.swift; sourceTree = "<group>"; };
		8380C8E1297ECDF000C67BF1 /* DrawCurvedLine.swift */ = {isa = PBXFileReference; lastKnownFileType = sourcecode.swift; path = DrawCurvedLine.swift; sourceTree = "<group>"; };
		8380C8E3297ED9FE00C67BF1 /* Greece.swift */ = {isa = PBXFileReference; lastKnownFileType = sourcecode.swift; path = Greece.swift; sourceTree = "<group>"; };
		8380C8E6297EDFB400C67BF1 /* Honduras.swift */ = {isa = PBXFileReference; lastKnownFileType = sourcecode.swift; path = Honduras.swift; sourceTree = "<group>"; };
		8380C8E8297EFBB300C67BF1 /* IndianSpoke.swift */ = {isa = PBXFileReference; lastKnownFileType = sourcecode.swift; path = IndianSpoke.swift; sourceTree = "<group>"; };
		8380C8EA29802F2200C67BF1 /* Indonesia.swift */ = {isa = PBXFileReference; lastKnownFileType = sourcecode.swift; path = Indonesia.swift; sourceTree = "<group>"; };
		8380C8ED29802FBA00C67BF1 /* Jamaica.swift */ = {isa = PBXFileReference; lastKnownFileType = sourcecode.swift; path = Jamaica.swift; sourceTree = "<group>"; };
		8380C8EF2980413300C67BF1 /* Israel.swift */ = {isa = PBXFileReference; lastKnownFileType = sourcecode.swift; path = Israel.swift; sourceTree = "<group>"; };
		8380C8F129804AE300C67BF1 /* Laos.swift */ = {isa = PBXFileReference; lastKnownFileType = sourcecode.swift; path = Laos.swift; sourceTree = "<group>"; };
		8380C8F329804C8700C67BF1 /* Mauritius.swift */ = {isa = PBXFileReference; lastKnownFileType = sourcecode.swift; path = Mauritius.swift; sourceTree = "<group>"; };
		83B44E212971D3A1003AA8DA /* India.swift */ = {isa = PBXFileReference; lastKnownFileType = sourcecode.swift; path = India.swift; sourceTree = "<group>"; };
		83B44E2329731F96003AA8DA /* Germany.swift */ = {isa = PBXFileReference; lastKnownFileType = sourcecode.swift; path = Germany.swift; sourceTree = "<group>"; };
		83B44E252973202D003AA8DA /* Belgium.swift */ = {isa = PBXFileReference; lastKnownFileType = sourcecode.swift; path = Belgium.swift; sourceTree = "<group>"; };
		83EEDCF02975575D001B5049 /* Russia.swift */ = {isa = PBXFileReference; lastKnownFileType = sourcecode.swift; path = Russia.swift; sourceTree = "<group>"; };
		83EEDCF22975621B001B5049 /* Bangladesh.swift */ = {isa = PBXFileReference; lastKnownFileType = sourcecode.swift; path = Bangladesh.swift; sourceTree = "<group>"; };
		83EEDCF429757175001B5049 /* Ukraine.swift */ = {isa = PBXFileReference; lastKnownFileType = sourcecode.swift; path = Ukraine.swift; sourceTree = "<group>"; };
		83EEDCF629757217001B5049 /* Sweden.swift */ = {isa = PBXFileReference; lastKnownFileType = sourcecode.swift; path = Sweden.swift; sourceTree = "<group>"; };
		83EEDCF82975737E001B5049 /* Italy.swift */ = {isa = PBXFileReference; lastKnownFileType = sourcecode.swift; path = Italy.swift; sourceTree = "<group>"; };
		83EEDCFD29757437001B5049 /* Denmark.swift */ = {isa = PBXFileReference; lastKnownFileType = sourcecode.swift; path = Denmark.swift; sourceTree = "<group>"; };
		83EEDCFF29759669001B5049 /* Bahrain.swift */ = {isa = PBXFileReference; lastKnownFileType = sourcecode.swift; path = Bahrain.swift; sourceTree = "<group>"; };
		83EEDD012975A222001B5049 /* Qatar.swift */ = {isa = PBXFileReference; lastKnownFileType = sourcecode.swift; path = Qatar.swift; sourceTree = "<group>"; };
		83EEDD032975A7FB001B5049 /* Austria.swift */ = {isa = PBXFileReference; lastKnownFileType = sourcecode.swift; path = Austria.swift; sourceTree = "<group>"; };
		83EEDD052975A884001B5049 /* Finland.swift */ = {isa = PBXFileReference; lastKnownFileType = sourcecode.swift; path = Finland.swift; sourceTree = "<group>"; };
		83EEDD072975AD52001B5049 /* Scotland.swift */ = {isa = PBXFileReference; lastKnownFileType = sourcecode.swift; path = Scotland.swift; sourceTree = "<group>"; };
/* End PBXFileReference section */

/* Begin PBXFrameworksBuildPhase section */
		8308362C296C74360099A23D /* Frameworks */ = {
			isa = PBXFrameworksBuildPhase;
			buildActionMask = 2147483647;
			files = (
				83EEDD0D2975B48D001B5049 /* RealModule in Frameworks */,
				83EEDD0B2975B48D001B5049 /* Numerics in Frameworks */,
			);
			runOnlyForDeploymentPostprocessing = 0;
		};
		8308363C296C74370099A23D /* Frameworks */ = {
			isa = PBXFrameworksBuildPhase;
			buildActionMask = 2147483647;
			files = (
			);
			runOnlyForDeploymentPostprocessing = 0;
		};
		83083646296C74370099A23D /* Frameworks */ = {
			isa = PBXFrameworksBuildPhase;
			buildActionMask = 2147483647;
			files = (
			);
			runOnlyForDeploymentPostprocessing = 0;
		};
/* End PBXFrameworksBuildPhase section */

/* Begin PBXGroup section */
		83083626296C74360099A23D = {
			isa = PBXGroup;
			children = (
				83083631296C74360099A23D /* WorldFlags */,
				83083642296C74370099A23D /* WorldFlagsTests */,
				8308364C296C74370099A23D /* WorldFlagsUITests */,
				83083630296C74360099A23D /* Products */,
			);
			sourceTree = "<group>";
		};
		83083630296C74360099A23D /* Products */ = {
			isa = PBXGroup;
			children = (
				8308362F296C74360099A23D /* WorldFlags.app */,
				8308363F296C74370099A23D /* WorldFlagsTests.xctest */,
				83083649296C74370099A23D /* WorldFlagsUITests.xctest */,
			);
			name = Products;
			sourceTree = "<group>";
		};
		83083631296C74360099A23D /* WorldFlags */ = {
			isa = PBXGroup;
			children = (
				8380C8C52979A96200C67BF1 /* Helpers */,
				8308366C296F05400099A23D /* Shapes */,
				83083667296EF8A80099A23D /* Example */,
				8308365D296C7DAA0099A23D /* Flags */,
				83083632296C74360099A23D /* WorldFlagsApp.swift */,
				83083634296C74360099A23D /* ContentView.swift */,
				83083636296C74370099A23D /* Assets.xcassets */,
				83083638296C74370099A23D /* Preview Content */,
			);
			path = WorldFlags;
			sourceTree = "<group>";
		};
		83083638296C74370099A23D /* Preview Content */ = {
			isa = PBXGroup;
			children = (
				83083639296C74370099A23D /* Preview Assets.xcassets */,
			);
			path = "Preview Content";
			sourceTree = "<group>";
		};
		83083642296C74370099A23D /* WorldFlagsTests */ = {
			isa = PBXGroup;
			children = (
				83083643296C74370099A23D /* WorldFlagsTests.swift */,
			);
			path = WorldFlagsTests;
			sourceTree = "<group>";
		};
		8308364C296C74370099A23D /* WorldFlagsUITests */ = {
			isa = PBXGroup;
			children = (
				8308364D296C74370099A23D /* WorldFlagsUITests.swift */,
				8308364F296C74370099A23D /* WorldFlagsUITestsLaunchTests.swift */,
			);
			path = WorldFlagsUITests;
			sourceTree = "<group>";
		};
		8308365D296C7DAA0099A23D /* Flags */ = {
			isa = PBXGroup;
			children = (
				8380C8EC29802FAF00C67BF1 /*  CaribbeanSea */,
				8380C8E5297EDFA100C67BF1 /* Central-America */,
				8380C8D22979B2A600C67BF1 /* South-America */,
				835F719029795A29005DCECD /* Oceania */,
				83B44E202971D38C003AA8DA /* Asia */,
				83083662296C7DF70099A23D /* Europe */,
				83083661296C7DF00099A23D /* Africa */,
				83083660296C7DE50099A23D /* Mena */,
			);
			path = Flags;
			sourceTree = "<group>";
		};
		83083660296C7DE50099A23D /* Mena */ = {
			isa = PBXGroup;
			children = (
				8308365E296C7DC20099A23D /* Egypt.swift */,
				83083663296C7E300099A23D /* Alegria.swift */,
				83083665296C84520099A23D /* Morocco.swift */,
				83EEDCFF29759669001B5049 /* Bahrain.swift */,
				83EEDD012975A222001B5049 /* Qatar.swift */,
				8380C8EF2980413300C67BF1 /* Israel.swift */,
			);
			path = Mena;
			sourceTree = "<group>";
		};
		83083661296C7DF00099A23D /* Africa */ = {
			isa = PBXGroup;
			children = (
				835F71822978689C005DCECD /* Madagascar.swift */,
				835F718429786A66005DCECD /* Mali.swift */,
				835F718629786B3B005DCECD /* IvoryCoast.swift */,
				835F718829786BEE005DCECD /* Chad.swift */,
				835F718A29786F75005DCECD /* CentralAfrica.swift */,
				835F718E29795923005DCECD /* SierraLeone.swift */,
				8380C8CC2979AB6C00C67BF1 /* Botswana.swift */,
				8380C8D02979AD4300C67BF1 /* Cameroon.swift */,
				8380C8D72979B56100C67BF1 /* Congo.swift */,
				8380C8F329804C8700C67BF1 /* Mauritius.swift */,
			);
			path = Africa;
			sourceTree = "<group>";
		};
		83083662296C7DF70099A23D /* Europe */ = {
			isa = PBXGroup;
			children = (
				83EEDCFA29757400001B5049 /* Nordic */,
				8308366F297198540099A23D /* Switzerland.swift */,
				83B44E2329731F96003AA8DA /* Germany.swift */,
				83B44E252973202D003AA8DA /* Belgium.swift */,
				83EEDCF02975575D001B5049 /* Russia.swift */,
				83EEDCF429757175001B5049 /* Ukraine.swift */,
				83EEDCF82975737E001B5049 /* Italy.swift */,
				83EEDD032975A7FB001B5049 /* Austria.swift */,
				83EEDD072975AD52001B5049 /* Scotland.swift */,
				835F71762976EA77005DCECD /* Netherlands.swift */,
				835F717A2976EF92005DCECD /* France.swift */,
				8380C8E3297ED9FE00C67BF1 /* Greece.swift */,
			);
			path = Europe;
			sourceTree = "<group>";
		};
		83083667296EF8A80099A23D /* Example */ = {
			isa = PBXGroup;
			children = (
				8308366A296EFB5A0099A23D /* CrescentView.swift */,
				835F71722976D573005DCECD /* RotationProblem.swift */,
				835F717C2976F065005DCECD /* ScottishTest.swift */,
				835F7180297865DF005DCECD /* JapanTest.swift */,
				8380C8DF297ADE5400C67BF1 /* DrawCurvedPath.swift */,
				8380C8E1297ECDF000C67BF1 /* DrawCurvedLine.swift */,
				8380C8E8297EFBB300C67BF1 /* IndianSpoke.swift */,
			);
			path = Example;
			sourceTree = "<group>";
		};
		8308366C296F05400099A23D /* Shapes */ = {
			isa = PBXGroup;
			children = (
				835F718C2978706C005DCECD /* StarShape.swift */,
				8308366D296F05540099A23D /* Triangle.swift */,
				835F719329798510005DCECD /* CongruentTriangle.swift */,
			);
			path = Shapes;
			sourceTree = "<group>";
		};
		835F719029795A29005DCECD /* Oceania */ = {
			isa = PBXGroup;
			children = (
				835F719129795ACA005DCECD /* SolomonIslands.swift */,
				8380C8EA29802F2200C67BF1 /* Indonesia.swift */,
			);
			path = Oceania;
			sourceTree = "<group>";
		};
		8380C8C52979A96200C67BF1 /* Helpers */ = {
			isa = PBXGroup;
			children = (
				8380C8C62979A97000C67BF1 /* GetPointsOnCircle.swift */,
				8380C8C82979A9B400C67BF1 /* Extensions.swift */,
			);
			path = Helpers;
			sourceTree = "<group>";
		};
		8380C8D22979B2A600C67BF1 /* South-America */ = {
			isa = PBXGroup;
			children = (
				8380C8D32979B2E900C67BF1 /* Chile.swift */,
				8380C8D52979B46D00C67BF1 /* Colombia.swift */,
			);
			path = "South-America";
			sourceTree = "<group>";
		};
		8380C8E5297EDFA100C67BF1 /* Central-America */ = {
			isa = PBXGroup;
			children = (
				8380C8E6297EDFB400C67BF1 /* Honduras.swift */,
			);
			path = "Central-America";
			sourceTree = "<group>";
		};
		8380C8EC29802FAF00C67BF1 /*  CaribbeanSea */ = {
			isa = PBXGroup;
			children = (
				8380C8ED29802FBA00C67BF1 /* Jamaica.swift */,
			);
			path = " CaribbeanSea";
			sourceTree = "<group>";
		};
		83B44E202971D38C003AA8DA /* Asia */ = {
			isa = PBXGroup;
			children = (
				83B44E212971D3A1003AA8DA /* India.swift */,
				83EEDCF22975621B001B5049 /* Bangladesh.swift */,
				835F71742976E874005DCECD /* Thailand.swift */,
				835F717E2978646B005DCECD /* Japan.swift */,
				8380C8CA2979AA5700C67BF1 /* Armenia.swift */,
				8380C8D92979B91F00C67BF1 /* NorthKorea.swift */,
				8380C8DD297AD5FF00C67BF1 /* Georgia.swift */,
				8380C8F129804AE300C67BF1 /* Laos.swift */,
			);
			path = Asia;
			sourceTree = "<group>";
		};
		83EEDCFA29757400001B5049 /* Nordic */ = {
			isa = PBXGroup;
			children = (
				83EEDCF629757217001B5049 /* Sweden.swift */,
				83EEDCFD29757437001B5049 /* Denmark.swift */,
				83EEDD052975A884001B5049 /* Finland.swift */,
				835F71782976EB1B005DCECD /* Norway.swift */,
				8380C8DB297AC4E200C67BF1 /* Estonia.swift */,
			);
			path = Nordic;
			sourceTree = "<group>";
		};
/* End PBXGroup section */

/* Begin PBXNativeTarget section */
		8308362E296C74360099A23D /* WorldFlags */ = {
			isa = PBXNativeTarget;
			buildConfigurationList = 83083653296C74370099A23D /* Build configuration list for PBXNativeTarget "WorldFlags" */;
			buildPhases = (
				8308362B296C74360099A23D /* Sources */,
				8308362C296C74360099A23D /* Frameworks */,
				8308362D296C74360099A23D /* Resources */,
			);
			buildRules = (
			);
			dependencies = (
			);
			name = WorldFlags;
			packageProductDependencies = (
				83EEDD0A2975B48D001B5049 /* Numerics */,
				83EEDD0C2975B48D001B5049 /* RealModule */,
			);
			productName = WorldFlags;
			productReference = 8308362F296C74360099A23D /* WorldFlags.app */;
			productType = "com.apple.product-type.application";
		};
		8308363E296C74370099A23D /* WorldFlagsTests */ = {
			isa = PBXNativeTarget;
			buildConfigurationList = 83083656296C74370099A23D /* Build configuration list for PBXNativeTarget "WorldFlagsTests" */;
			buildPhases = (
				8308363B296C74370099A23D /* Sources */,
				8308363C296C74370099A23D /* Frameworks */,
				8308363D296C74370099A23D /* Resources */,
			);
			buildRules = (
			);
			dependencies = (
				83083641296C74370099A23D /* PBXTargetDependency */,
			);
			name = WorldFlagsTests;
			productName = WorldFlagsTests;
			productReference = 8308363F296C74370099A23D /* WorldFlagsTests.xctest */;
			productType = "com.apple.product-type.bundle.unit-test";
		};
		83083648296C74370099A23D /* WorldFlagsUITests */ = {
			isa = PBXNativeTarget;
			buildConfigurationList = 83083659296C74370099A23D /* Build configuration list for PBXNativeTarget "WorldFlagsUITests" */;
			buildPhases = (
				83083645296C74370099A23D /* Sources */,
				83083646296C74370099A23D /* Frameworks */,
				83083647296C74370099A23D /* Resources */,
			);
			buildRules = (
			);
			dependencies = (
				8308364B296C74370099A23D /* PBXTargetDependency */,
			);
			name = WorldFlagsUITests;
			productName = WorldFlagsUITests;
			productReference = 83083649296C74370099A23D /* WorldFlagsUITests.xctest */;
			productType = "com.apple.product-type.bundle.ui-testing";
		};
/* End PBXNativeTarget section */

/* Begin PBXProject section */
		83083627296C74360099A23D /* Project object */ = {
			isa = PBXProject;
			attributes = {
				BuildIndependentTargetsInParallel = 1;
				LastSwiftUpdateCheck = 1420;
				LastUpgradeCheck = 1420;
				TargetAttributes = {
					8308362E296C74360099A23D = {
						CreatedOnToolsVersion = 14.2;
					};
					8308363E296C74370099A23D = {
						CreatedOnToolsVersion = 14.2;
						TestTargetID = 8308362E296C74360099A23D;
					};
					83083648296C74370099A23D = {
						CreatedOnToolsVersion = 14.2;
						TestTargetID = 8308362E296C74360099A23D;
					};
				};
			};
			buildConfigurationList = 8308362A296C74360099A23D /* Build configuration list for PBXProject "WorldFlags" */;
			compatibilityVersion = "Xcode 14.0";
			developmentRegion = en;
			hasScannedForEncodings = 0;
			knownRegions = (
				en,
				Base,
			);
			mainGroup = 83083626296C74360099A23D;
			packageReferences = (
				83EEDD092975B48D001B5049 /* XCRemoteSwiftPackageReference "swift-numerics" */,
			);
			productRefGroup = 83083630296C74360099A23D /* Products */;
			projectDirPath = "";
			projectRoot = "";
			targets = (
				8308362E296C74360099A23D /* WorldFlags */,
				8308363E296C74370099A23D /* WorldFlagsTests */,
				83083648296C74370099A23D /* WorldFlagsUITests */,
			);
		};
/* End PBXProject section */

/* Begin PBXResourcesBuildPhase section */
		8308362D296C74360099A23D /* Resources */ = {
			isa = PBXResourcesBuildPhase;
			buildActionMask = 2147483647;
			files = (
				8308363A296C74370099A23D /* Preview Assets.xcassets in Resources */,
				83083637296C74370099A23D /* Assets.xcassets in Resources */,
			);
			runOnlyForDeploymentPostprocessing = 0;
		};
		8308363D296C74370099A23D /* Resources */ = {
			isa = PBXResourcesBuildPhase;
			buildActionMask = 2147483647;
			files = (
			);
			runOnlyForDeploymentPostprocessing = 0;
		};
		83083647296C74370099A23D /* Resources */ = {
			isa = PBXResourcesBuildPhase;
			buildActionMask = 2147483647;
			files = (
			);
			runOnlyForDeploymentPostprocessing = 0;
		};
/* End PBXResourcesBuildPhase section */

/* Begin PBXSourcesBuildPhase section */
		8308362B296C74360099A23D /* Sources */ = {
			isa = PBXSourcesBuildPhase;
			buildActionMask = 2147483647;
			files = (
				835F71832978689C005DCECD /* Madagascar.swift in Sources */,
				835F717D2976F065005DCECD /* ScottishTest.swift in Sources */,
				8380C8DE297AD5FF00C67BF1 /* Georgia.swift in Sources */,
				835F71772976EA77005DCECD /* Netherlands.swift in Sources */,
				83EEDCF729757217001B5049 /* Sweden.swift in Sources */,
				8380C8F429804C8700C67BF1 /* Mauritius.swift in Sources */,
				83083635296C74360099A23D /* ContentView.swift in Sources */,
				835F718729786B3B005DCECD /* IvoryCoast.swift in Sources */,
				83EEDCF529757175001B5049 /* Ukraine.swift in Sources */,
				8380C8F229804AE300C67BF1 /* Laos.swift in Sources */,
				83EEDD062975A884001B5049 /* Finland.swift in Sources */,
				8380C8D82979B56100C67BF1 /* Congo.swift in Sources */,
				835F719429798510005DCECD /* CongruentTriangle.swift in Sources */,
				8380C8DC297AC4E200C67BF1 /* Estonia.swift in Sources */,
				835F7181297865DF005DCECD /* JapanTest.swift in Sources */,
				835F718529786A66005DCECD /* Mali.swift in Sources */,
				83EEDCF32975621B001B5049 /* Bangladesh.swift in Sources */,
				8380C8C72979A97000C67BF1 /* GetPointsOnCircle.swift in Sources */,
				83B44E2429731F96003AA8DA /* Germany.swift in Sources */,
				8380C8D42979B2E900C67BF1 /* Chile.swift in Sources */,
				835F71752976E874005DCECD /* Thailand.swift in Sources */,
				835F718929786BEE005DCECD /* Chad.swift in Sources */,
				8380C8CD2979AB6C00C67BF1 /* Botswana.swift in Sources */,
				83EEDD022975A222001B5049 /* Qatar.swift in Sources */,
				835F71792976EB1B005DCECD /* Norway.swift in Sources */,
				8380C8E7297EDFB400C67BF1 /* Honduras.swift in Sources */,
				8380C8EE29802FBA00C67BF1 /* Jamaica.swift in Sources */,
				835F717F2978646B005DCECD /* Japan.swift in Sources */,
				835F71732976D573005DCECD /* RotationProblem.swift in Sources */,
				83EEDCF12975575D001B5049 /* Russia.swift in Sources */,
				8380C8DA2979B91F00C67BF1 /* NorthKorea.swift in Sources */,
				8380C8EB29802F2200C67BF1 /* Indonesia.swift in Sources */,
				83083664296C7E300099A23D /* Alegria.swift in Sources */,
				83EEDD0029759669001B5049 /* Bahrain.swift in Sources */,
				835F718B29786F75005DCECD /* CentralAfrica.swift in Sources */,
				8380C8E2297ECDF000C67BF1 /* DrawCurvedLine.swift in Sources */,
				8380C8C92979A9B400C67BF1 /* Extensions.swift in Sources */,
				83EEDD042975A7FB001B5049 /* Austria.swift in Sources */,
				83B44E222971D3A1003AA8DA /* India.swift in Sources */,
				8380C8D62979B46D00C67BF1 /* Colombia.swift in Sources */,
				83083666296C84520099A23D /* Morocco.swift in Sources */,
				8380C8D12979AD4300C67BF1 /* Cameroon.swift in Sources */,
				83EEDCF92975737E001B5049 /* Italy.swift in Sources */,
				8380C8F02980413300C67BF1 /* Israel.swift in Sources */,
				83083670297198540099A23D /* Switzerland.swift in Sources */,
				835F718D2978706C005DCECD /* StarShape.swift in Sources */,
				835F719229795ACA005DCECD /* SolomonIslands.swift in Sources */,
				8308365F296C7DC20099A23D /* Egypt.swift in Sources */,
				8380C8CB2979AA5700C67BF1 /* Armenia.swift in Sources */,
				835F718F29795923005DCECD /* SierraLeone.swift in Sources */,
				8380C8E4297ED9FE00C67BF1 /* Greece.swift in Sources */,
				83083633296C74360099A23D /* WorldFlagsApp.swift in Sources */,
				8308366E296F05540099A23D /* Triangle.swift in Sources */,
				83EEDCFE29757437001B5049 /* Denmark.swift in Sources */,
				8380C8E9297EFBB300C67BF1 /* IndianSpoke.swift in Sources */,
				8308366B296EFB5A0099A23D /* CrescentView.swift in Sources */,
				83B44E262973202D003AA8DA /* Belgium.swift in Sources */,
				83EEDD082975AD52001B5049 /* Scotland.swift in Sources */,
				8380C8E0297ADE5400C67BF1 /* DrawCurvedPath.swift in Sources */,
				835F717B2976EF92005DCECD /* France.swift in Sources */,
			);
			runOnlyForDeploymentPostprocessing = 0;
		};
		8308363B296C74370099A23D /* Sources */ = {
			isa = PBXSourcesBuildPhase;
			buildActionMask = 2147483647;
			files = (
				83083644296C74370099A23D /* WorldFlagsTests.swift in Sources */,
			);
			runOnlyForDeploymentPostprocessing = 0;
		};
		83083645296C74370099A23D /* Sources */ = {
			isa = PBXSourcesBuildPhase;
			buildActionMask = 2147483647;
			files = (
				8308364E296C74370099A23D /* WorldFlagsUITests.swift in Sources */,
				83083650296C74370099A23D /* WorldFlagsUITestsLaunchTests.swift in Sources */,
			);
			runOnlyForDeploymentPostprocessing = 0;
		};
/* End PBXSourcesBuildPhase section */

/* Begin PBXTargetDependency section */
		83083641296C74370099A23D /* PBXTargetDependency */ = {
			isa = PBXTargetDependency;
			target = 8308362E296C74360099A23D /* WorldFlags */;
			targetProxy = 83083640296C74370099A23D /* PBXContainerItemProxy */;
		};
		8308364B296C74370099A23D /* PBXTargetDependency */ = {
			isa = PBXTargetDependency;
			target = 8308362E296C74360099A23D /* WorldFlags */;
			targetProxy = 8308364A296C74370099A23D /* PBXContainerItemProxy */;
		};
/* End PBXTargetDependency section */

/* Begin XCBuildConfiguration section */
		83083651296C74370099A23D /* Debug */ = {
			isa = XCBuildConfiguration;
			buildSettings = {
				ALWAYS_SEARCH_USER_PATHS = NO;
				CLANG_ANALYZER_NONNULL = YES;
				CLANG_ANALYZER_NUMBER_OBJECT_CONVERSION = YES_AGGRESSIVE;
				CLANG_CXX_LANGUAGE_STANDARD = "gnu++20";
				CLANG_ENABLE_MODULES = YES;
				CLANG_ENABLE_OBJC_ARC = YES;
				CLANG_ENABLE_OBJC_WEAK = YES;
				CLANG_WARN_BLOCK_CAPTURE_AUTORELEASING = YES;
				CLANG_WARN_BOOL_CONVERSION = YES;
				CLANG_WARN_COMMA = YES;
				CLANG_WARN_CONSTANT_CONVERSION = YES;
				CLANG_WARN_DEPRECATED_OBJC_IMPLEMENTATIONS = YES;
				CLANG_WARN_DIRECT_OBJC_ISA_USAGE = YES_ERROR;
				CLANG_WARN_DOCUMENTATION_COMMENTS = YES;
				CLANG_WARN_EMPTY_BODY = YES;
				CLANG_WARN_ENUM_CONVERSION = YES;
				CLANG_WARN_INFINITE_RECURSION = YES;
				CLANG_WARN_INT_CONVERSION = YES;
				CLANG_WARN_NON_LITERAL_NULL_CONVERSION = YES;
				CLANG_WARN_OBJC_IMPLICIT_RETAIN_SELF = YES;
				CLANG_WARN_OBJC_LITERAL_CONVERSION = YES;
				CLANG_WARN_OBJC_ROOT_CLASS = YES_ERROR;
				CLANG_WARN_QUOTED_INCLUDE_IN_FRAMEWORK_HEADER = YES;
				CLANG_WARN_RANGE_LOOP_ANALYSIS = YES;
				CLANG_WARN_STRICT_PROTOTYPES = YES;
				CLANG_WARN_SUSPICIOUS_MOVE = YES;
				CLANG_WARN_UNGUARDED_AVAILABILITY = YES_AGGRESSIVE;
				CLANG_WARN_UNREACHABLE_CODE = YES;
				CLANG_WARN__DUPLICATE_METHOD_MATCH = YES;
				COPY_PHASE_STRIP = NO;
				DEBUG_INFORMATION_FORMAT = dwarf;
				ENABLE_STRICT_OBJC_MSGSEND = YES;
				ENABLE_TESTABILITY = YES;
				GCC_C_LANGUAGE_STANDARD = gnu11;
				GCC_DYNAMIC_NO_PIC = NO;
				GCC_NO_COMMON_BLOCKS = YES;
				GCC_OPTIMIZATION_LEVEL = 0;
				GCC_PREPROCESSOR_DEFINITIONS = (
					"DEBUG=1",
					"$(inherited)",
				);
				GCC_WARN_64_TO_32_BIT_CONVERSION = YES;
				GCC_WARN_ABOUT_RETURN_TYPE = YES_ERROR;
				GCC_WARN_UNDECLARED_SELECTOR = YES;
				GCC_WARN_UNINITIALIZED_AUTOS = YES_AGGRESSIVE;
				GCC_WARN_UNUSED_FUNCTION = YES;
				GCC_WARN_UNUSED_VARIABLE = YES;
				IPHONEOS_DEPLOYMENT_TARGET = 16.2;
				MTL_ENABLE_DEBUG_INFO = INCLUDE_SOURCE;
				MTL_FAST_MATH = YES;
				ONLY_ACTIVE_ARCH = YES;
				SDKROOT = iphoneos;
				SWIFT_ACTIVE_COMPILATION_CONDITIONS = DEBUG;
				SWIFT_OPTIMIZATION_LEVEL = "-Onone";
			};
			name = Debug;
		};
		83083652296C74370099A23D /* Release */ = {
			isa = XCBuildConfiguration;
			buildSettings = {
				ALWAYS_SEARCH_USER_PATHS = NO;
				CLANG_ANALYZER_NONNULL = YES;
				CLANG_ANALYZER_NUMBER_OBJECT_CONVERSION = YES_AGGRESSIVE;
				CLANG_CXX_LANGUAGE_STANDARD = "gnu++20";
				CLANG_ENABLE_MODULES = YES;
				CLANG_ENABLE_OBJC_ARC = YES;
				CLANG_ENABLE_OBJC_WEAK = YES;
				CLANG_WARN_BLOCK_CAPTURE_AUTORELEASING = YES;
				CLANG_WARN_BOOL_CONVERSION = YES;
				CLANG_WARN_COMMA = YES;
				CLANG_WARN_CONSTANT_CONVERSION = YES;
				CLANG_WARN_DEPRECATED_OBJC_IMPLEMENTATIONS = YES;
				CLANG_WARN_DIRECT_OBJC_ISA_USAGE = YES_ERROR;
				CLANG_WARN_DOCUMENTATION_COMMENTS = YES;
				CLANG_WARN_EMPTY_BODY = YES;
				CLANG_WARN_ENUM_CONVERSION = YES;
				CLANG_WARN_INFINITE_RECURSION = YES;
				CLANG_WARN_INT_CONVERSION = YES;
				CLANG_WARN_NON_LITERAL_NULL_CONVERSION = YES;
				CLANG_WARN_OBJC_IMPLICIT_RETAIN_SELF = YES;
				CLANG_WARN_OBJC_LITERAL_CONVERSION = YES;
				CLANG_WARN_OBJC_ROOT_CLASS = YES_ERROR;
				CLANG_WARN_QUOTED_INCLUDE_IN_FRAMEWORK_HEADER = YES;
				CLANG_WARN_RANGE_LOOP_ANALYSIS = YES;
				CLANG_WARN_STRICT_PROTOTYPES = YES;
				CLANG_WARN_SUSPICIOUS_MOVE = YES;
				CLANG_WARN_UNGUARDED_AVAILABILITY = YES_AGGRESSIVE;
				CLANG_WARN_UNREACHABLE_CODE = YES;
				CLANG_WARN__DUPLICATE_METHOD_MATCH = YES;
				COPY_PHASE_STRIP = NO;
				DEBUG_INFORMATION_FORMAT = "dwarf-with-dsym";
				ENABLE_NS_ASSERTIONS = NO;
				ENABLE_STRICT_OBJC_MSGSEND = YES;
				GCC_C_LANGUAGE_STANDARD = gnu11;
				GCC_NO_COMMON_BLOCKS = YES;
				GCC_WARN_64_TO_32_BIT_CONVERSION = YES;
				GCC_WARN_ABOUT_RETURN_TYPE = YES_ERROR;
				GCC_WARN_UNDECLARED_SELECTOR = YES;
				GCC_WARN_UNINITIALIZED_AUTOS = YES_AGGRESSIVE;
				GCC_WARN_UNUSED_FUNCTION = YES;
				GCC_WARN_UNUSED_VARIABLE = YES;
				IPHONEOS_DEPLOYMENT_TARGET = 16.2;
				MTL_ENABLE_DEBUG_INFO = NO;
				MTL_FAST_MATH = YES;
				SDKROOT = iphoneos;
				SWIFT_COMPILATION_MODE = wholemodule;
				SWIFT_OPTIMIZATION_LEVEL = "-O";
				VALIDATE_PRODUCT = YES;
			};
			name = Release;
		};
		83083654296C74370099A23D /* Debug */ = {
			isa = XCBuildConfiguration;
			buildSettings = {
				ASSETCATALOG_COMPILER_APPICON_NAME = AppIcon;
				ASSETCATALOG_COMPILER_GLOBAL_ACCENT_COLOR_NAME = AccentColor;
				CODE_SIGN_STYLE = Automatic;
				CURRENT_PROJECT_VERSION = 1;
				DEVELOPMENT_ASSET_PATHS = "\"WorldFlags/Preview Content\"";
				DEVELOPMENT_TEAM = K2KX53Y52U;
				ENABLE_PREVIEWS = YES;
				GENERATE_INFOPLIST_FILE = YES;
				INFOPLIST_KEY_UIApplicationSceneManifest_Generation = YES;
				INFOPLIST_KEY_UIApplicationSupportsIndirectInputEvents = YES;
				INFOPLIST_KEY_UILaunchScreen_Generation = YES;
				INFOPLIST_KEY_UISupportedInterfaceOrientations_iPad = "UIInterfaceOrientationPortrait UIInterfaceOrientationPortraitUpsideDown UIInterfaceOrientationLandscapeLeft UIInterfaceOrientationLandscapeRight";
				INFOPLIST_KEY_UISupportedInterfaceOrientations_iPhone = "UIInterfaceOrientationPortrait UIInterfaceOrientationLandscapeLeft UIInterfaceOrientationLandscapeRight";
				LD_RUNPATH_SEARCH_PATHS = (
					"$(inherited)",
					"@executable_path/Frameworks",
				);
				MARKETING_VERSION = 1.0;
				PRODUCT_BUNDLE_IDENTIFIER = MohamedDiaa.WorldFlags;
				PRODUCT_NAME = "$(TARGET_NAME)";
				SWIFT_EMIT_LOC_STRINGS = YES;
				SWIFT_VERSION = 5.0;
				TARGETED_DEVICE_FAMILY = "1,2";
			};
			name = Debug;
		};
		83083655296C74370099A23D /* Release */ = {
			isa = XCBuildConfiguration;
			buildSettings = {
				ASSETCATALOG_COMPILER_APPICON_NAME = AppIcon;
				ASSETCATALOG_COMPILER_GLOBAL_ACCENT_COLOR_NAME = AccentColor;
				CODE_SIGN_STYLE = Automatic;
				CURRENT_PROJECT_VERSION = 1;
				DEVELOPMENT_ASSET_PATHS = "\"WorldFlags/Preview Content\"";
				DEVELOPMENT_TEAM = K2KX53Y52U;
				ENABLE_PREVIEWS = YES;
				GENERATE_INFOPLIST_FILE = YES;
				INFOPLIST_KEY_UIApplicationSceneManifest_Generation = YES;
				INFOPLIST_KEY_UIApplicationSupportsIndirectInputEvents = YES;
				INFOPLIST_KEY_UILaunchScreen_Generation = YES;
				INFOPLIST_KEY_UISupportedInterfaceOrientations_iPad = "UIInterfaceOrientationPortrait UIInterfaceOrientationPortraitUpsideDown UIInterfaceOrientationLandscapeLeft UIInterfaceOrientationLandscapeRight";
				INFOPLIST_KEY_UISupportedInterfaceOrientations_iPhone = "UIInterfaceOrientationPortrait UIInterfaceOrientationLandscapeLeft UIInterfaceOrientationLandscapeRight";
				LD_RUNPATH_SEARCH_PATHS = (
					"$(inherited)",
					"@executable_path/Frameworks",
				);
				MARKETING_VERSION = 1.0;
				PRODUCT_BUNDLE_IDENTIFIER = MohamedDiaa.WorldFlags;
				PRODUCT_NAME = "$(TARGET_NAME)";
				SWIFT_EMIT_LOC_STRINGS = YES;
				SWIFT_VERSION = 5.0;
				TARGETED_DEVICE_FAMILY = "1,2";
			};
			name = Release;
		};
		83083657296C74370099A23D /* Debug */ = {
			isa = XCBuildConfiguration;
			buildSettings = {
				ALWAYS_EMBED_SWIFT_STANDARD_LIBRARIES = YES;
				BUNDLE_LOADER = "$(TEST_HOST)";
				CODE_SIGN_STYLE = Automatic;
				CURRENT_PROJECT_VERSION = 1;
				GENERATE_INFOPLIST_FILE = YES;
				IPHONEOS_DEPLOYMENT_TARGET = 16.2;
				MARKETING_VERSION = 1.0;
				PRODUCT_BUNDLE_IDENTIFIER = MohamedDiaa.WorldFlagsTests;
				PRODUCT_NAME = "$(TARGET_NAME)";
				SWIFT_EMIT_LOC_STRINGS = NO;
				SWIFT_VERSION = 5.0;
				TARGETED_DEVICE_FAMILY = "1,2";
				TEST_HOST = "$(BUILT_PRODUCTS_DIR)/WorldFlags.app/$(BUNDLE_EXECUTABLE_FOLDER_PATH)/WorldFlags";
			};
			name = Debug;
		};
		83083658296C74370099A23D /* Release */ = {
			isa = XCBuildConfiguration;
			buildSettings = {
				ALWAYS_EMBED_SWIFT_STANDARD_LIBRARIES = YES;
				BUNDLE_LOADER = "$(TEST_HOST)";
				CODE_SIGN_STYLE = Automatic;
				CURRENT_PROJECT_VERSION = 1;
				GENERATE_INFOPLIST_FILE = YES;
				IPHONEOS_DEPLOYMENT_TARGET = 16.2;
				MARKETING_VERSION = 1.0;
				PRODUCT_BUNDLE_IDENTIFIER = MohamedDiaa.WorldFlagsTests;
				PRODUCT_NAME = "$(TARGET_NAME)";
				SWIFT_EMIT_LOC_STRINGS = NO;
				SWIFT_VERSION = 5.0;
				TARGETED_DEVICE_FAMILY = "1,2";
				TEST_HOST = "$(BUILT_PRODUCTS_DIR)/WorldFlags.app/$(BUNDLE_EXECUTABLE_FOLDER_PATH)/WorldFlags";
			};
			name = Release;
		};
		8308365A296C74370099A23D /* Debug */ = {
			isa = XCBuildConfiguration;
			buildSettings = {
				ALWAYS_EMBED_SWIFT_STANDARD_LIBRARIES = YES;
				CODE_SIGN_STYLE = Automatic;
				CURRENT_PROJECT_VERSION = 1;
				GENERATE_INFOPLIST_FILE = YES;
				MARKETING_VERSION = 1.0;
				PRODUCT_BUNDLE_IDENTIFIER = MohamedDiaa.WorldFlagsUITests;
				PRODUCT_NAME = "$(TARGET_NAME)";
				SWIFT_EMIT_LOC_STRINGS = NO;
				SWIFT_VERSION = 5.0;
				TARGETED_DEVICE_FAMILY = "1,2";
				TEST_TARGET_NAME = WorldFlags;
			};
			name = Debug;
		};
		8308365B296C74370099A23D /* Release */ = {
			isa = XCBuildConfiguration;
			buildSettings = {
				ALWAYS_EMBED_SWIFT_STANDARD_LIBRARIES = YES;
				CODE_SIGN_STYLE = Automatic;
				CURRENT_PROJECT_VERSION = 1;
				GENERATE_INFOPLIST_FILE = YES;
				MARKETING_VERSION = 1.0;
				PRODUCT_BUNDLE_IDENTIFIER = MohamedDiaa.WorldFlagsUITests;
				PRODUCT_NAME = "$(TARGET_NAME)";
				SWIFT_EMIT_LOC_STRINGS = NO;
				SWIFT_VERSION = 5.0;
				TARGETED_DEVICE_FAMILY = "1,2";
				TEST_TARGET_NAME = WorldFlags;
			};
			name = Release;
		};
/* End XCBuildConfiguration section */

/* Begin XCConfigurationList section */
		8308362A296C74360099A23D /* Build configuration list for PBXProject "WorldFlags" */ = {
			isa = XCConfigurationList;
			buildConfigurations = (
				83083651296C74370099A23D /* Debug */,
				83083652296C74370099A23D /* Release */,
			);
			defaultConfigurationIsVisible = 0;
			defaultConfigurationName = Release;
		};
		83083653296C74370099A23D /* Build configuration list for PBXNativeTarget "WorldFlags" */ = {
			isa = XCConfigurationList;
			buildConfigurations = (
				83083654296C74370099A23D /* Debug */,
				83083655296C74370099A23D /* Release */,
			);
			defaultConfigurationIsVisible = 0;
			defaultConfigurationName = Release;
		};
		83083656296C74370099A23D /* Build configuration list for PBXNativeTarget "WorldFlagsTests" */ = {
			isa = XCConfigurationList;
			buildConfigurations = (
				83083657296C74370099A23D /* Debug */,
				83083658296C74370099A23D /* Release */,
			);
			defaultConfigurationIsVisible = 0;
			defaultConfigurationName = Release;
		};
		83083659296C74370099A23D /* Build configuration list for PBXNativeTarget "WorldFlagsUITests" */ = {
			isa = XCConfigurationList;
			buildConfigurations = (
				8308365A296C74370099A23D /* Debug */,
				8308365B296C74370099A23D /* Release */,
			);
			defaultConfigurationIsVisible = 0;
			defaultConfigurationName = Release;
		};
/* End XCConfigurationList section */

/* Begin XCRemoteSwiftPackageReference section */
		83EEDD092975B48D001B5049 /* XCRemoteSwiftPackageReference "swift-numerics" */ = {
			isa = XCRemoteSwiftPackageReference;
			repositoryURL = "https://github.com/apple/swift-numerics.git";
			requirement = {
				kind = upToNextMajorVersion;
				minimumVersion = 1.0.0;
			};
		};
/* End XCRemoteSwiftPackageReference section */

/* Begin XCSwiftPackageProductDependency section */
		83EEDD0A2975B48D001B5049 /* Numerics */ = {
			isa = XCSwiftPackageProductDependency;
			package = 83EEDD092975B48D001B5049 /* XCRemoteSwiftPackageReference "swift-numerics" */;
			productName = Numerics;
		};
		83EEDD0C2975B48D001B5049 /* RealModule */ = {
			isa = XCSwiftPackageProductDependency;
			package = 83EEDD092975B48D001B5049 /* XCRemoteSwiftPackageReference "swift-numerics" */;
			productName = RealModule;
		};
/* End XCSwiftPackageProductDependency section */
	};
	rootObject = 83083627296C74360099A23D /* Project object */;
}
